{
  "requires": true,
  "lockfileVersion": 1,
  "dependencies": {
    "csv-stringify": {
      "version": "5.3.6",
      "resolved": "https://registry.npmjs.org/csv-stringify/-/csv-stringify-5.3.6.tgz",
      "integrity": "sha512-kPcRbMvo5NLLD71TAqW5K+g9kbM2HpIZJLAzm73Du8U+5TXmDp9YtXKCBLyxEh0q3Jbg8QhNFBz3b5VJzjZ/jw=="
    },
    "faker": {
      "version": "4.1.0",
      "resolved": "https://registry.npmjs.org/faker/-/faker-4.1.0.tgz",
      "integrity": "sha1-HkW7vsxndLPBlfrSg1EJxtdIzD8="
    }
  }
}
